{
  "requires": true,
  "lockfileVersion": 1,
  "dependencies": {
    "component-query": {
      "version": "0.0.3",
      "resolved": "https://registry.npmjs.org/component-query/-/component-query-0.0.3.tgz",
      "integrity": "sha1-B/Sdq3Bx+pYGcl31PmB/RorNqs8="
    },
    "cookie-cutter": {
      "version": "0.1.1",
      "resolved": "https://registry.npmjs.org/cookie-cutter/-/cookie-cutter-0.1.1.tgz",
      "integrity": "sha1-RQP9ndNexwAM6UXvnMox11/pzOo="
    },
    "get-doc": {
      "version": "1.0.4",
      "resolved": "https://registry.npmjs.org/get-doc/-/get-doc-1.0.4.tgz",
      "integrity": "sha1-/EMjiLRehg0+Zrx6v7Qc2ptNb9c=",
      "requires": {
        "has-dom": "1.0.0"
      }
    },
    "has-dom": {
      "version": "1.0.0",
      "resolved": "https://registry.npmjs.org/has-dom/-/has-dom-1.0.0.tgz",
      "integrity": "sha1-xBYCPaNHADpfxvZn1wBXNQFVtlc="
    },
    "smart-app-banner": {
      "version": "1.4.0",
      "resolved": "https://registry.npmjs.org/smart-app-banner/-/smart-app-banner-1.4.0.tgz",
      "integrity": "sha1-DBgo4FNqyksPjaSMnujxY5T3ico=",
      "requires": {
        "component-query": "0.0.3",
        "cookie-cutter": "0.1.1",
        "get-doc": "1.0.4",
        "ua-parser-js": "0.7.17",
        "xtend": "4.0.1"
      }
    },
    "ua-parser-js": {
      "version": "0.7.17",
      "resolved": "https://registry.npmjs.org/ua-parser-js/-/ua-parser-js-0.7.17.tgz",
      "integrity": "sha512-uRdSdu1oA1rncCQL7sCj8vSyZkgtL7faaw9Tc9rZ3mGgraQ7+Pdx7w5mnOSF3gw9ZNG6oc+KXfkon3bKuROm0g=="
    },
    "xtend": {
      "version": "4.0.1",
      "resolved": "https://registry.npmjs.org/xtend/-/xtend-4.0.1.tgz",
      "integrity": "sha1-pcbVMr5lbiPbgg77lDofBJmNY68="
    }
  }
}
